// !$*UTF8*$!
{
	archiveVersion = 1;
	classes = {
	};
	objectVersion = 51;
	objects = {

/* Begin PBXBuildFile section */
		3F298A3C286A3056002F3F08 /* ArticleViewModel.swift in Sources */ = {isa = PBXBuildFile; fileRef = 3F298A3B286A3056002F3F08 /* ArticleViewModel.swift */; };
		3F298A3F286A32C2002F3F08 /* ArticleTableViewCell.swift in Sources */ = {isa = PBXBuildFile; fileRef = 3F298A3E286A32C2002F3F08 /* ArticleTableViewCell.swift */; };
		3FCC838F286A2D490034AE55 /* Article.swift in Sources */ = {isa = PBXBuildFile; fileRef = 3FCC838E286A2D490034AE55 /* Article.swift */; };
		3FCC8392286A2E910034AE55 /* URLRequest+Extensions.swift in Sources */ = {isa = PBXBuildFile; fileRef = 3FCC8391286A2E910034AE55 /* URLRequest+Extensions.swift */; };
		510D4F1EFDCC76633AC24A5A /* Pods_NewsAppMVVM.framework in Frameworks */ = {isa = PBXBuildFile; fileRef = 7DC7332732522CB1145AD802 /* Pods_NewsAppMVVM.framework */; };
		8D0A0D632239E5F700BBA973 /* AppDelegate.swift in Sources */ = {isa = PBXBuildFile; fileRef = 8D0A0D622239E5F700BBA973 /* AppDelegate.swift */; };
		8D0A0D682239E5F700BBA973 /* Main.storyboard in Resources */ = {isa = PBXBuildFile; fileRef = 8D0A0D662239E5F700BBA973 /* Main.storyboard */; };
		8D0A0D6A2239E5F800BBA973 /* Assets.xcassets in Resources */ = {isa = PBXBuildFile; fileRef = 8D0A0D692239E5F800BBA973 /* Assets.xcassets */; };
		8D0A0D6D2239E5F800BBA973 /* LaunchScreen.storyboard in Resources */ = {isa = PBXBuildFile; fileRef = 8D0A0D6B2239E5F800BBA973 /* LaunchScreen.storyboard */; };
		8D0A0D762239E67F00BBA973 /* NewsTableViewController.swift in Sources */ = {isa = PBXBuildFile; fileRef = 8D0A0D752239E67F00BBA973 /* NewsTableViewController.swift */; };
/* End PBXBuildFile section */

/* Begin PBXFileReference section */
		36D1996BCF3A6582F1E9250D /* Pods-NewsAppMVVM.debug.xcconfig */ = {isa = PBXFileReference; includeInIndex = 1; lastKnownFileType = text.xcconfig; name = "Pods-NewsAppMVVM.debug.xcconfig"; path = "Target Support Files/Pods-NewsAppMVVM/Pods-NewsAppMVVM.debug.xcconfig"; sourceTree = "<group>"; };
		3F298A3B286A3056002F3F08 /* ArticleViewModel.swift */ = {isa = PBXFileReference; lastKnownFileType = sourcecode.swift; path = ArticleViewModel.swift; sourceTree = "<group>"; };
		3F298A3E286A32C2002F3F08 /* ArticleTableViewCell.swift */ = {isa = PBXFileReference; lastKnownFileType = sourcecode.swift; path = ArticleTableViewCell.swift; sourceTree = "<group>"; };
		3FCC838E286A2D490034AE55 /* Article.swift */ = {isa = PBXFileReference; lastKnownFileType = sourcecode.swift; path = Article.swift; sourceTree = "<group>"; };
		3FCC8391286A2E910034AE55 /* URLRequest+Extensions.swift */ = {isa = PBXFileReference; lastKnownFileType = sourcecode.swift; path = "URLRequest+Extensions.swift"; sourceTree = "<group>"; };
		7DC7332732522CB1145AD802 /* Pods_NewsAppMVVM.framework */ = {isa = PBXFileReference; explicitFileType = wrapper.framework; includeInIndex = 0; path = Pods_NewsAppMVVM.framework; sourceTree = BUILT_PRODUCTS_DIR; };
		8D0A0D5F2239E5F700BBA973 /* NewsAppMVVM.app */ = {isa = PBXFileReference; explicitFileType = wrapper.application; includeInIndex = 0; path = NewsAppMVVM.app; sourceTree = BUILT_PRODUCTS_DIR; };
		8D0A0D622239E5F700BBA973 /* AppDelegate.swift */ = {isa = PBXFileReference; lastKnownFileType = sourcecode.swift; path = AppDelegate.swift; sourceTree = "<group>"; };
		8D0A0D672239E5F700BBA973 /* Base */ = {isa = PBXFileReference; lastKnownFileType = file.storyboard; name = Base; path = Base.lproj/Main.storyboard; sourceTree = "<group>"; };
		8D0A0D692239E5F800BBA973 /* Assets.xcassets */ = {isa = PBXFileReference; lastKnownFileType = folder.assetcatalog; path = Assets.xcassets; sourceTree = "<group>"; };
		8D0A0D6C2239E5F800BBA973 /* Base */ = {isa = PBXFileReference; lastKnownFileType = file.storyboard; name = Base; path = Base.lproj/LaunchScreen.storyboard; sourceTree = "<group>"; };
		8D0A0D6E2239E5F800BBA973 /* Info.plist */ = {isa = PBXFileReference; lastKnownFileType = text.plist.xml; path = Info.plist; sourceTree = "<group>"; };
		8D0A0D752239E67F00BBA973 /* NewsTableViewController.swift */ = {isa = PBXFileReference; lastKnownFileType = sourcecode.swift; path = NewsTableViewController.swift; sourceTree = "<group>"; };
		9D7D0209073634C3D7401B2D /* Pods-NewsAppMVVM.release.xcconfig */ = {isa = PBXFileReference; includeInIndex = 1; lastKnownFileType = text.xcconfig; name = "Pods-NewsAppMVVM.release.xcconfig"; path = "Target Support Files/Pods-NewsAppMVVM/Pods-NewsAppMVVM.release.xcconfig"; sourceTree = "<group>"; };
/* End PBXFileReference section */

/* Begin PBXFrameworksBuildPhase section */
		8D0A0D5C2239E5F700BBA973 /* Frameworks */ = {
			isa = PBXFrameworksBuildPhase;
			buildActionMask = 2147483647;
			files = (
				510D4F1EFDCC76633AC24A5A /* Pods_NewsAppMVVM.framework in Frameworks */,
			);
			runOnlyForDeploymentPostprocessing = 0;
		};
/* End PBXFrameworksBuildPhase section */

/* Begin PBXGroup section */
		3B4C2854B04A3663A4BCA7A1 /* Pods */ = {
			isa = PBXGroup;
			children = (
				36D1996BCF3A6582F1E9250D /* Pods-NewsAppMVVM.debug.xcconfig */,
				9D7D0209073634C3D7401B2D /* Pods-NewsAppMVVM.release.xcconfig */,
			);
			path = Pods;
			sourceTree = "<group>";
		};
		3F298A3A286A3037002F3F08 /* ViewModels */ = {
			isa = PBXGroup;
			children = (
				3F298A3B286A3056002F3F08 /* ArticleViewModel.swift */,
			);
			path = ViewModels;
			sourceTree = "<group>";
		};
		3F298A3D286A32B3002F3F08 /* Cells */ = {
			isa = PBXGroup;
			children = (
				3F298A3E286A32C2002F3F08 /* ArticleTableViewCell.swift */,
			);
			path = Cells;
			sourceTree = "<group>";
		};
		3FCC838D286A2D3B0034AE55 /* Models */ = {
			isa = PBXGroup;
			children = (
				3FCC838E286A2D490034AE55 /* Article.swift */,
			);
			path = Models;
			sourceTree = "<group>";
		};
		3FCC8390286A2E840034AE55 /* Extensions */ = {
			isa = PBXGroup;
			children = (
				3FCC8391286A2E910034AE55 /* URLRequest+Extensions.swift */,
			);
			path = Extensions;
			sourceTree = "<group>";
		};
		8D0A0D562239E5F700BBA973 = {
			isa = PBXGroup;
			children = (
				8D0A0D612239E5F700BBA973 /* NewsAppMVVM */,
				8D0A0D602239E5F700BBA973 /* Products */,
				3B4C2854B04A3663A4BCA7A1 /* Pods */,
				C5C0BB38F9615AEBD8693CB4 /* Frameworks */,
			);
			sourceTree = "<group>";
		};
		8D0A0D602239E5F700BBA973 /* Products */ = {
			isa = PBXGroup;
			children = (
				8D0A0D5F2239E5F700BBA973 /* NewsAppMVVM.app */,
			);
			name = Products;
			sourceTree = "<group>";
		};
		8D0A0D612239E5F700BBA973 /* NewsAppMVVM */ = {
			isa = PBXGroup;
			children = (
				3F298A3D286A32B3002F3F08 /* Cells */,
				3F298A3A286A3037002F3F08 /* ViewModels */,
				3FCC8390286A2E840034AE55 /* Extensions */,
				3FCC838D286A2D3B0034AE55 /* Models */,
				8D0A0D742239E61F00BBA973 /* Controllers */,
				8D0A0D622239E5F700BBA973 /* AppDelegate.swift */,
				8D0A0D662239E5F700BBA973 /* Main.storyboard */,
				8D0A0D692239E5F800BBA973 /* Assets.xcassets */,
				8D0A0D6B2239E5F800BBA973 /* LaunchScreen.storyboard */,
				8D0A0D6E2239E5F800BBA973 /* Info.plist */,
			);
			path = NewsAppMVVM;
			sourceTree = "<group>";
		};
		8D0A0D742239E61F00BBA973 /* Controllers */ = {
			isa = PBXGroup;
			children = (
				8D0A0D752239E67F00BBA973 /* NewsTableViewController.swift */,
			);
			path = Controllers;
			sourceTree = "<group>";
		};
		C5C0BB38F9615AEBD8693CB4 /* Frameworks */ = {
			isa = PBXGroup;
			children = (
				7DC7332732522CB1145AD802 /* Pods_NewsAppMVVM.framework */,
			);
			name = Frameworks;
			sourceTree = "<group>";
		};
/* End PBXGroup section */

/* Begin PBXNativeTarget section */
		8D0A0D5E2239E5F700BBA973 /* NewsAppMVVM */ = {
			isa = PBXNativeTarget;
			buildConfigurationList = 8D0A0D712239E5F800BBA973 /* Build configuration list for PBXNativeTarget "NewsAppMVVM" */;
			buildPhases = (
				C0E0CE643DF32CF8AB9186B6 /* [CP] Check Pods Manifest.lock */,
				8D0A0D5B2239E5F700BBA973 /* Sources */,
				8D0A0D5C2239E5F700BBA973 /* Frameworks */,
				8D0A0D5D2239E5F700BBA973 /* Resources */,
				2FF71A667D9A38D217B6F333 /* [CP] Embed Pods Frameworks */,
			);
			buildRules = (
			);
			dependencies = (
			);
			name = NewsAppMVVM;
			productName = NewsAppMVVM;
			productReference = 8D0A0D5F2239E5F700BBA973 /* NewsAppMVVM.app */;
			productType = "com.apple.product-type.application";
		};
/* End PBXNativeTarget section */

/* Begin PBXProject section */
		8D0A0D572239E5F700BBA973 /* Project object */ = {
			isa = PBXProject;
			attributes = {
				LastSwiftUpdateCheck = 1010;
				LastUpgradeCheck = 1010;
				ORGANIZATIONNAME = "Mohammad Azam";
				TargetAttributes = {
					8D0A0D5E2239E5F700BBA973 = {
						CreatedOnToolsVersion = 10.1;
					};
				};
			};
			buildConfigurationList = 8D0A0D5A2239E5F700BBA973 /* Build configuration list for PBXProject "NewsAppMVVM" */;
			compatibilityVersion = "Xcode 9.3";
			developmentRegion = en;
			hasScannedForEncodings = 0;
			knownRegions = (
				en,
				Base,
			);
			mainGroup = 8D0A0D562239E5F700BBA973;
			productRefGroup = 8D0A0D602239E5F700BBA973 /* Products */;
			projectDirPath = "";
			projectRoot = "";
			targets = (
				8D0A0D5E2239E5F700BBA973 /* NewsAppMVVM */,
			);
		};
/* End PBXProject section */

/* Begin PBXResourcesBuildPhase section */
		8D0A0D5D2239E5F700BBA973 /* Resources */ = {
			isa = PBXResourcesBuildPhase;
			buildActionMask = 2147483647;
			files = (
				8D0A0D6D2239E5F800BBA973 /* LaunchScreen.storyboard in Resources */,
				8D0A0D6A2239E5F800BBA973 /* Assets.xcassets in Resources */,
				8D0A0D682239E5F700BBA973 /* Main.storyboard in Resources */,
			);
			runOnlyForDeploymentPostprocessing = 0;
		};
/* End PBXResourcesBuildPhase section */

/* Begin PBXShellScriptBuildPhase section */
		2FF71A667D9A38D217B6F333 /* [CP] Embed Pods Frameworks */ = {
			isa = PBXShellScriptBuildPhase;
			buildActionMask = 2147483647;
			files = (
			);
			inputFileListPaths = (
				"${PODS_ROOT}/Target Support Files/Pods-NewsAppMVVM/Pods-NewsAppMVVM-frameworks-${CONFIGURATION}-input-files.xcfilelist",
			);
			name = "[CP] Embed Pods Frameworks";
			outputFileListPaths = (
				"${PODS_ROOT}/Target Support Files/Pods-NewsAppMVVM/Pods-NewsAppMVVM-frameworks-${CONFIGURATION}-output-files.xcfilelist",
			);
			runOnlyForDeploymentPostprocessing = 0;
			shellPath = /bin/sh;
			shellScript = "\"${PODS_ROOT}/Target Support Files/Pods-NewsAppMVVM/Pods-NewsAppMVVM-frameworks.sh\"\n";
			showEnvVarsInLog = 0;
		};
		C0E0CE643DF32CF8AB9186B6 /* [CP] Check Pods Manifest.lock */ = {
			isa = PBXShellScriptBuildPhase;
			buildActionMask = 2147483647;
			files = (
			);
			inputFileListPaths = (
			);
			inputPaths = (
				"${PODS_PODFILE_DIR_PATH}/Podfile.lock",
				"${PODS_ROOT}/Manifest.lock",
			);
			name = "[CP] Check Pods Manifest.lock";
			outputFileListPaths = (
			);
			outputPaths = (
				"$(DERIVED_FILE_DIR)/Pods-NewsAppMVVM-checkManifestLockResult.txt",
			);
			runOnlyForDeploymentPostprocessing = 0;
			shellPath = /bin/sh;
			shellScript = "diff \"${PODS_PODFILE_DIR_PATH}/Podfile.lock\" \"${PODS_ROOT}/Manifest.lock\" > /dev/null\nif [ $? != 0 ] ; then\n    # print error to STDERR\n    echo \"error: The sandbox is not in sync with the Podfile.lock. Run 'pod install' or update your CocoaPods installation.\" >&2\n    exit 1\nfi\n# This output is used by Xcode 'outputs' to avoid re-running this script phase.\necho \"SUCCESS\" > \"${SCRIPT_OUTPUT_FILE_0}\"\n";
			showEnvVarsInLog = 0;
		};
/* End PBXShellScriptBuildPhase section */

/* Begin PBXSourcesBuildPhase section */
		8D0A0D5B2239E5F700BBA973 /* Sources */ = {
			isa = PBXSourcesBuildPhase;
			buildActionMask = 2147483647;
			files = (
				8D0A0D762239E67F00BBA973 /* NewsTableViewController.swift in Sources */,
				3FCC8392286A2E910034AE55 /* URLRequest+Extensions.swift in Sources */,
				8D0A0D632239E5F700BBA973 /* AppDelegate.swift in Sources */,
				3F298A3C286A3056002F3F08 /* ArticleViewModel.swift in Sources */,
				3F298A3F286A32C2002F3F08 /* ArticleTableViewCell.swift in Sources */,
				3FCC838F286A2D490034AE55 /* Article.swift in Sources */,
			);
			runOnlyForDeploymentPostprocessing = 0;
		};
/* End PBXSourcesBuildPhase section */

/* Begin PBXVariantGroup section */
		8D0A0D662239E5F700BBA973 /* Main.storyboard */ = {
			isa = PBXVariantGroup;
			children = (
				8D0A0D672239E5F700BBA973 /* Base */,
			);
			name = Main.storyboard;
			sourceTree = "<group>";
		};
		8D0A0D6B2239E5F800BBA973 /* LaunchScreen.storyboard */ = {
			isa = PBXVariantGroup;
			children = (
				8D0A0D6C2239E5F800BBA973 /* Base */,
			);
			name = LaunchScreen.storyboard;
			sourceTree = "<group>";
		};
/* End PBXVariantGroup section */

/* Begin XCBuildConfiguration section */
		8D0A0D6F2239E5F800BBA973 /* Debug */ = {
			isa = XCBuildConfiguration;
			buildSettings = {
				ALWAYS_SEARCH_USER_PATHS = NO;
				CLANG_ANALYZER_NONNULL = YES;
				CLANG_ANALYZER_NUMBER_OBJECT_CONVERSION = YES_AGGRESSIVE;
				CLANG_CXX_LANGUAGE_STANDARD = "gnu++14";
				CLANG_CXX_LIBRARY = "libc++";
				CLANG_ENABLE_MODULES = YES;
				CLANG_ENABLE_OBJC_ARC = YES;
				CLANG_ENABLE_OBJC_WEAK = YES;
				CLANG_WARN_BLOCK_CAPTURE_AUTORELEASING = YES;
				CLANG_WARN_BOOL_CONVERSION = YES;
				CLANG_WARN_COMMA = YES;
				CLANG_WARN_CONSTANT_CONVERSION = YES;
				CLANG_WARN_DEPRECATED_OBJC_IMPLEMENTATIONS = YES;
				CLANG_WARN_DIRECT_OBJC_ISA_USAGE = YES_ERROR;
				CLANG_WARN_DOCUMENTATION_COMMENTS = YES;
				CLANG_WARN_EMPTY_BODY = YES;
				CLANG_WARN_ENUM_CONVERSION = YES;
				CLANG_WARN_INFINITE_RECURSION = YES;
				CLANG_WARN_INT_CONVERSION = YES;
				CLANG_WARN_NON_LITERAL_NULL_CONVERSION = YES;
				CLANG_WARN_OBJC_IMPLICIT_RETAIN_SELF = YES;
				CLANG_WARN_OBJC_LITERAL_CONVERSION = YES;
				CLANG_WARN_OBJC_ROOT_CLASS = YES_ERROR;
				CLANG_WARN_RANGE_LOOP_ANALYSIS = YES;
				CLANG_WARN_STRICT_PROTOTYPES = YES;
				CLANG_WARN_SUSPICIOUS_MOVE = YES;
				CLANG_WARN_UNGUARDED_AVAILABILITY = YES_AGGRESSIVE;
				CLANG_WARN_UNREACHABLE_CODE = YES;
				CLANG_WARN__DUPLICATE_METHOD_MATCH = YES;
				CODE_SIGN_IDENTITY = "iPhone Developer";
				COPY_PHASE_STRIP = NO;
				DEBUG_INFORMATION_FORMAT = dwarf;
				ENABLE_STRICT_OBJC_MSGSEND = YES;
				ENABLE_TESTABILITY = YES;
				GCC_C_LANGUAGE_STANDARD = gnu11;
				GCC_DYNAMIC_NO_PIC = NO;
				GCC_NO_COMMON_BLOCKS = YES;
				GCC_OPTIMIZATION_LEVEL = 0;
				GCC_PREPROCESSOR_DEFINITIONS = (
					"DEBUG=1",
					"$(inherited)",
				);
				GCC_WARN_64_TO_32_BIT_CONVERSION = YES;
				GCC_WARN_ABOUT_RETURN_TYPE = YES_ERROR;
				GCC_WARN_UNDECLARED_SELECTOR = YES;
				GCC_WARN_UNINITIALIZED_AUTOS = YES_AGGRESSIVE;
				GCC_WARN_UNUSED_FUNCTION = YES;
				GCC_WARN_UNUSED_VARIABLE = YES;
				IPHONEOS_DEPLOYMENT_TARGET = 12.1;
				MTL_ENABLE_DEBUG_INFO = INCLUDE_SOURCE;
				MTL_FAST_MATH = YES;
				ONLY_ACTIVE_ARCH = YES;
				SDKROOT = iphoneos;
				SWIFT_ACTIVE_COMPILATION_CONDITIONS = DEBUG;
				SWIFT_OPTIMIZATION_LEVEL = "-Onone";
			};
			name = Debug;
		};
		8D0A0D702239E5F800BBA973 /* Release */ = {
			isa = XCBuildConfiguration;
			buildSettings = {
				ALWAYS_SEARCH_USER_PATHS = NO;
				CLANG_ANALYZER_NONNULL = YES;
				CLANG_ANALYZER_NUMBER_OBJECT_CONVERSION = YES_AGGRESSIVE;
				CLANG_CXX_LANGUAGE_STANDARD = "gnu++14";
				CLANG_CXX_LIBRARY = "libc++";
				CLANG_ENABLE_MODULES = YES;
				CLANG_ENABLE_OBJC_ARC = YES;
				CLANG_ENABLE_OBJC_WEAK = YES;
				CLANG_WARN_BLOCK_CAPTURE_AUTORELEASING = YES;
				CLANG_WARN_BOOL_CONVERSION = YES;
				CLANG_WARN_COMMA = YES;
				CLANG_WARN_CONSTANT_CONVERSION = YES;
				CLANG_WARN_DEPRECATED_OBJC_IMPLEMENTATIONS = YES;
				CLANG_WARN_DIRECT_OBJC_ISA_USAGE = YES_ERROR;
				CLANG_WARN_DOCUMENTATION_COMMENTS = YES;
				CLANG_WARN_EMPTY_BODY = YES;
				CLANG_WARN_ENUM_CONVERSION = YES;
				CLANG_WARN_INFINITE_RECURSION = YES;
				CLANG_WARN_INT_CONVERSION = YES;
				CLANG_WARN_NON_LITERAL_NULL_CONVERSION = YES;
				CLANG_WARN_OBJC_IMPLICIT_RETAIN_SELF = YES;
				CLANG_WARN_OBJC_LITERAL_CONVERSION = YES;
				CLANG_WARN_OBJC_ROOT_CLASS = YES_ERROR;
				CLANG_WARN_RANGE_LOOP_ANALYSIS = YES;
				CLANG_WARN_STRICT_PROTOTYPES = YES;
				CLANG_WARN_SUSPICIOUS_MOVE = YES;
				CLANG_WARN_UNGUARDED_AVAILABILITY = YES_AGGRESSIVE;
				CLANG_WARN_UNREACHABLE_CODE = YES;
				CLANG_WARN__DUPLICATE_METHOD_MATCH = YES;
				CODE_SIGN_IDENTITY = "iPhone Developer";
				COPY_PHASE_STRIP = NO;
				DEBUG_INFORMATION_FORMAT = "dwarf-with-dsym";
				ENABLE_NS_ASSERTIONS = NO;
				ENABLE_STRICT_OBJC_MSGSEND = YES;
				GCC_C_LANGUAGE_STANDARD = gnu11;
				GCC_NO_COMMON_BLOCKS = YES;
				GCC_WARN_64_TO_32_BIT_CONVERSION = YES;
				GCC_WARN_ABOUT_RETURN_TYPE = YES_ERROR;
				GCC_WARN_UNDECLARED_SELECTOR = YES;
				GCC_WARN_UNINITIALIZED_AUTOS = YES_AGGRESSIVE;
				GCC_WARN_UNUSED_FUNCTION = YES;
				GCC_WARN_UNUSED_VARIABLE = YES;
				IPHONEOS_DEPLOYMENT_TARGET = 12.1;
				MTL_ENABLE_DEBUG_INFO = NO;
				MTL_FAST_MATH = YES;
				SDKROOT = iphoneos;
				SWIFT_COMPILATION_MODE = wholemodule;
				SWIFT_OPTIMIZATION_LEVEL = "-O";
				VALIDATE_PRODUCT = YES;
			};
			name = Release;
		};
		8D0A0D722239E5F800BBA973 /* Debug */ = {
			isa = XCBuildConfiguration;
			baseConfigurationReference = 36D1996BCF3A6582F1E9250D /* Pods-NewsAppMVVM.debug.xcconfig */;
			buildSettings = {
				ASSETCATALOG_COMPILER_APPICON_NAME = AppIcon;
				CODE_SIGN_STYLE = Automatic;
				DEVELOPMENT_TEAM = B2Q8EGNCQA;
				INFOPLIST_FILE = NewsAppMVVM/Info.plist;
				LD_RUNPATH_SEARCH_PATHS = (
					"$(inherited)",
					"@executable_path/Frameworks",
				);
				PRODUCT_BUNDLE_IDENTIFIER = com.azamsharp.NewsAppMVVM;
				PRODUCT_NAME = "$(TARGET_NAME)";
				SWIFT_VERSION = 4.2;
				TARGETED_DEVICE_FAMILY = "1,2";
			};
			name = Debug;
		};
		8D0A0D732239E5F800BBA973 /* Release */ = {
			isa = XCBuildConfiguration;
			baseConfigurationReference = 9D7D0209073634C3D7401B2D /* Pods-NewsAppMVVM.release.xcconfig */;
			buildSettings = {
				ASSETCATALOG_COMPILER_APPICON_NAME = AppIcon;
				CODE_SIGN_STYLE = Automatic;
				DEVELOPMENT_TEAM = B2Q8EGNCQA;
				INFOPLIST_FILE = NewsAppMVVM/Info.plist;
				LD_RUNPATH_SEARCH_PATHS = (
					"$(inherited)",
					"@executable_path/Frameworks",
				);
				PRODUCT_BUNDLE_IDENTIFIER = com.azamsharp.NewsAppMVVM;
				PRODUCT_NAME = "$(TARGET_NAME)";
				SWIFT_VERSION = 4.2;
				TARGETED_DEVICE_FAMILY = "1,2";
			};
			name = Release;
		};
/* End XCBuildConfiguration section */

/* Begin XCConfigurationList section */
		8D0A0D5A2239E5F700BBA973 /* Build configuration list for PBXProject "NewsAppMVVM" */ = {
			isa = XCConfigurationList;
			buildConfigurations = (
				8D0A0D6F2239E5F800BBA973 /* Debug */,
				8D0A0D702239E5F800BBA973 /* Release */,
			);
			defaultConfigurationIsVisible = 0;
			defaultConfigurationName = Release;
		};
		8D0A0D712239E5F800BBA973 /* Build configuration list for PBXNativeTarget "NewsAppMVVM" */ = {
			isa = XCConfigurationList;
			buildConfigurations = (
				8D0A0D722239E5F800BBA973 /* Debug */,
				8D0A0D732239E5F800BBA973 /* Release */,
			);
			defaultConfigurationIsVisible = 0;
			defaultConfigurationName = Release;
		};
/* End XCConfigurationList section */
	};
	rootObject = 8D0A0D572239E5F700BBA973 /* Project object */;
}
